// !$*UTF8*$!
{
	archiveVersion = 1;
	classes = {
	};
	objectVersion = 46;
	objects = {

/* Begin PBXBuildFile section */
		AE98B133177258330033496F /* UIKit.framework in Frameworks */ = {isa = PBXBuildFile; fileRef = AE98B132177258330033496F /* UIKit.framework */; };
		AE98B135177258330033496F /* Foundation.framework in Frameworks */ = {isa = PBXBuildFile; fileRef = AE98B134177258330033496F /* Foundation.framework */; };
		AE98B137177258330033496F /* CoreGraphics.framework in Frameworks */ = {isa = PBXBuildFile; fileRef = AE98B136177258330033496F /* CoreGraphics.framework */; };
		AE98B13D177258340033496F /* InfoPlist.strings in Resources */ = {isa = PBXBuildFile; fileRef = AE98B13B177258340033496F /* InfoPlist.strings */; };
		AE98B13F177258340033496F /* main.m in Sources */ = {isa = PBXBuildFile; fileRef = AE98B13E177258340033496F /* main.m */; };
		AE98B143177258340033496F /* AppDelegate.m in Sources */ = {isa = PBXBuildFile; fileRef = AE98B142177258340033496F /* AppDelegate.m */; };
		AE98B145177258340033496F /* Default.png in Resources */ = {isa = PBXBuildFile; fileRef = AE98B144177258340033496F /* Default.png */; };
		AE98B147177258340033496F /* Default@2x.png in Resources */ = {isa = PBXBuildFile; fileRef = AE98B146177258340033496F /* Default@2x.png */; };
		AE98B149177258340033496F /* Default-568h@2x.png in Resources */ = {isa = PBXBuildFile; fileRef = AE98B148177258340033496F /* Default-568h@2x.png */; };
		AE98B14C177258340033496F /* MainStoryboard.storyboard in Resources */ = {isa = PBXBuildFile; fileRef = AE98B14A177258340033496F /* MainStoryboard.storyboard */; };
		AE98B14F177258340033496F /* ViewController.m in Sources */ = {isa = PBXBuildFile; fileRef = AE98B14E177258340033496F /* ViewController.m */; };
		AE98B157177258340033496F /* SenTestingKit.framework in Frameworks */ = {isa = PBXBuildFile; fileRef = AE98B156177258340033496F /* SenTestingKit.framework */; };
		AE98B158177258340033496F /* UIKit.framework in Frameworks */ = {isa = PBXBuildFile; fileRef = AE98B132177258330033496F /* UIKit.framework */; };
		AE98B159177258340033496F /* Foundation.framework in Frameworks */ = {isa = PBXBuildFile; fileRef = AE98B134177258330033496F /* Foundation.framework */; };
		AE98B161177258340033496F /* InfoPlist.strings in Resources */ = {isa = PBXBuildFile; fileRef = AE98B15F177258340033496F /* InfoPlist.strings */; };
		AE98B164177258340033496F /* SimpleProjTests.m in Sources */ = {isa = PBXBuildFile; fileRef = AE98B163177258340033496F /* SimpleProjTests.m */; };
		AE98B16F17725A460033496F /* SecondViewController.m in Sources */ = {isa = PBXBuildFile; fileRef = AE98B16E17725A460033496F /* SecondViewController.m */; };
		AE98B17817725C580033496F /* libOBD2Kit.a in Frameworks */ = {isa = PBXBuildFile; fileRef = AE98B17517725C330033496F /* libOBD2Kit.a */; };
		AE98B17A17725C5F0033496F /* CFNetwork.framework in Frameworks */ = {isa = PBXBuildFile; fileRef = AE98B17917725C5F0033496F /* CFNetwork.framework */; };
		AE98B17C17725C6D0033496F /* CoreLocation.framework in Frameworks */ = {isa = PBXBuildFile; fileRef = AE98B17B17725C6D0033496F /* CoreLocation.framework */; };
		AE98B17E17725C720033496F /* ExternalAccessory.framework in Frameworks */ = {isa = PBXBuildFile; fileRef = AE98B17D17725C720033496F /* ExternalAccessory.framework */; };
		AE98B18117725C990033496F /* BasicScanViewController.m in Sources */ = {isa = PBXBuildFile; fileRef = AE98B18017725C990033496F /* BasicScanViewController.m */; };
		FA5AA9183C3349CFAC4EAB6F /* libPods.a in Frameworks */ = {isa = PBXBuildFile; fileRef = A780624E03F242788AEEFE0E /* libPods.a */; };
/* End PBXBuildFile section */

/* Begin PBXContainerItemProxy section */
		AE98B15A177258340033496F /* PBXContainerItemProxy */ = {
			isa = PBXContainerItemProxy;
			containerPortal = AE98B127177258330033496F /* Project object */;
			proxyType = 1;
			remoteGlobalIDString = AE98B12E177258330033496F;
			remoteInfo = SimpleProj;
		};
		AE98B17417725C330033496F /* PBXContainerItemProxy */ = {
			isa = PBXContainerItemProxy;
			containerPortal = AE98B17017725C330033496F /* OBD2Kit.xcodeproj */;
			proxyType = 2;
			remoteGlobalIDString = D2AAC07E0554694100DB518D;
			remoteInfo = OBD2Kit;
		};
		AE98B17617725C4F0033496F /* PBXContainerItemProxy */ = {
			isa = PBXContainerItemProxy;
			containerPortal = AE98B17017725C330033496F /* OBD2Kit.xcodeproj */;
			proxyType = 1;
			remoteGlobalIDString = D2AAC07D0554694100DB518D;
			remoteInfo = OBD2Kit;
		};
/* End PBXContainerItemProxy section */

/* Begin PBXFileReference section */
		A780624E03F242788AEEFE0E /* libPods.a */ = {isa = PBXFileReference; explicitFileType = archive.ar; includeInIndex = 0; path = libPods.a; sourceTree = BUILT_PRODUCTS_DIR; };
		AE98B12F177258330033496F /* SimpleProj.app */ = {isa = PBXFileReference; explicitFileType = wrapper.application; includeInIndex = 0; path = SimpleProj.app; sourceTree = BUILT_PRODUCTS_DIR; };
		AE98B132177258330033496F /* UIKit.framework */ = {isa = PBXFileReference; lastKnownFileType = wrapper.framework; name = UIKit.framework; path = System/Library/Frameworks/UIKit.framework; sourceTree = SDKROOT; };
		AE98B134177258330033496F /* Foundation.framework */ = {isa = PBXFileReference; lastKnownFileType = wrapper.framework; name = Foundation.framework; path = System/Library/Frameworks/Foundation.framework; sourceTree = SDKROOT; };
		AE98B136177258330033496F /* CoreGraphics.framework */ = {isa = PBXFileReference; lastKnownFileType = wrapper.framework; name = CoreGraphics.framework; path = System/Library/Frameworks/CoreGraphics.framework; sourceTree = SDKROOT; };
		AE98B13A177258340033496F /* SimpleProj-Info.plist */ = {isa = PBXFileReference; lastKnownFileType = text.plist.xml; path = "SimpleProj-Info.plist"; sourceTree = "<group>"; };
		AE98B13C177258340033496F /* en */ = {isa = PBXFileReference; lastKnownFileType = text.plist.strings; name = en; path = en.lproj/InfoPlist.strings; sourceTree = "<group>"; };
		AE98B13E177258340033496F /* main.m */ = {isa = PBXFileReference; lastKnownFileType = sourcecode.c.objc; path = main.m; sourceTree = "<group>"; };
		AE98B140177258340033496F /* SimpleProj-Prefix.pch */ = {isa = PBXFileReference; lastKnownFileType = sourcecode.c.h; path = "SimpleProj-Prefix.pch"; sourceTree = "<group>"; };
		AE98B141177258340033496F /* AppDelegate.h */ = {isa = PBXFileReference; lastKnownFileType = sourcecode.c.h; path = AppDelegate.h; sourceTree = "<group>"; };
		AE98B142177258340033496F /* AppDelegate.m */ = {isa = PBXFileReference; lastKnownFileType = sourcecode.c.objc; path = AppDelegate.m; sourceTree = "<group>"; };
		AE98B144177258340033496F /* Default.png */ = {isa = PBXFileReference; lastKnownFileType = image.png; path = Default.png; sourceTree = "<group>"; };
		AE98B146177258340033496F /* Default@2x.png */ = {isa = PBXFileReference; lastKnownFileType = image.png; path = "Default@2x.png"; sourceTree = "<group>"; };
		AE98B148177258340033496F /* Default-568h@2x.png */ = {isa = PBXFileReference; lastKnownFileType = image.png; path = "Default-568h@2x.png"; sourceTree = "<group>"; };
		AE98B14B177258340033496F /* en */ = {isa = PBXFileReference; lastKnownFileType = file.storyboard; name = en; path = en.lproj/MainStoryboard.storyboard; sourceTree = "<group>"; };
		AE98B14D177258340033496F /* ViewController.h */ = {isa = PBXFileReference; lastKnownFileType = sourcecode.c.h; path = ViewController.h; sourceTree = "<group>"; };
		AE98B14E177258340033496F /* ViewController.m */ = {isa = PBXFileReference; lastKnownFileType = sourcecode.c.objc; path = ViewController.m; sourceTree = "<group>"; };
		AE98B155177258340033496F /* SimpleProjTests.octest */ = {isa = PBXFileReference; explicitFileType = wrapper.cfbundle; includeInIndex = 0; path = SimpleProjTests.octest; sourceTree = BUILT_PRODUCTS_DIR; };
		AE98B156177258340033496F /* SenTestingKit.framework */ = {isa = PBXFileReference; lastKnownFileType = wrapper.framework; name = SenTestingKit.framework; path = Library/Frameworks/SenTestingKit.framework; sourceTree = DEVELOPER_DIR; };
		AE98B15E177258340033496F /* SimpleProjTests-Info.plist */ = {isa = PBXFileReference; lastKnownFileType = text.plist.xml; path = "SimpleProjTests-Info.plist"; sourceTree = "<group>"; };
		AE98B160177258340033496F /* en */ = {isa = PBXFileReference; lastKnownFileType = text.plist.strings; name = en; path = en.lproj/InfoPlist.strings; sourceTree = "<group>"; };
		AE98B162177258340033496F /* SimpleProjTests.h */ = {isa = PBXFileReference; lastKnownFileType = sourcecode.c.h; path = SimpleProjTests.h; sourceTree = "<group>"; };
		AE98B163177258340033496F /* SimpleProjTests.m */ = {isa = PBXFileReference; lastKnownFileType = sourcecode.c.objc; path = SimpleProjTests.m; sourceTree = "<group>"; };
		AE98B16D17725A460033496F /* SecondViewController.h */ = {isa = PBXFileReference; fileEncoding = 4; lastKnownFileType = sourcecode.c.h; path = SecondViewController.h; sourceTree = "<group>"; };
		AE98B16E17725A460033496F /* SecondViewController.m */ = {isa = PBXFileReference; fileEncoding = 4; lastKnownFileType = sourcecode.c.objc; path = SecondViewController.m; sourceTree = "<group>"; };
		AE98B17017725C330033496F /* OBD2Kit.xcodeproj */ = {isa = PBXFileReference; lastKnownFileType = "wrapper.pb-project"; name = OBD2Kit.xcodeproj; path = "../OBD2Kit-master/OBD2Kit.xcodeproj"; sourceTree = "<group>"; };
		AE98B17917725C5F0033496F /* CFNetwork.framework */ = {isa = PBXFileReference; lastKnownFileType = wrapper.framework; name = CFNetwork.framework; path = System/Library/Frameworks/CFNetwork.framework; sourceTree = SDKROOT; };
		AE98B17B17725C6D0033496F /* CoreLocation.framework */ = {isa = PBXFileReference; lastKnownFileType = wrapper.framework; name = CoreLocation.framework; path = System/Library/Frameworks/CoreLocation.framework; sourceTree = SDKROOT; };
		AE98B17D17725C720033496F /* ExternalAccessory.framework */ = {isa = PBXFileReference; lastKnownFileType = wrapper.framework; name = ExternalAccessory.framework; path = System/Library/Frameworks/ExternalAccessory.framework; sourceTree = SDKROOT; };
		AE98B17F17725C990033496F /* BasicScanViewController.h */ = {isa = PBXFileReference; fileEncoding = 4; lastKnownFileType = sourcecode.c.h; name = BasicScanViewController.h; path = ../BasicScanViewController.h; sourceTree = "<group>"; };
		AE98B18017725C990033496F /* BasicScanViewController.m */ = {isa = PBXFileReference; fileEncoding = 4; lastKnownFileType = sourcecode.c.objc; name = BasicScanViewController.m; path = ../BasicScanViewController.m; sourceTree = "<group>"; };
		AEFAA10617725DB90034C99E /* FLScanTool.h */ = {isa = PBXFileReference; fileEncoding = 4; lastKnownFileType = sourcecode.c.h; path = FLScanTool.h; sourceTree = "<group>"; };
		AEFAA10717725DD70034C99E /* FLScanToolCommand.h */ = {isa = PBXFileReference; fileEncoding = 4; lastKnownFileType = sourcecode.c.h; path = FLScanToolCommand.h; sourceTree = "<group>"; };
		AEFAA10817725DDE0034C99E /* FLScanToolResponse.h */ = {isa = PBXFileReference; fileEncoding = 4; lastKnownFileType = sourcecode.c.h; path = FLScanToolResponse.h; sourceTree = "<group>"; };
		AEFAA10917725DE40034C99E /* FLScanToolResponseParser.h */ = {isa = PBXFileReference; fileEncoding = 4; lastKnownFileType = sourcecode.c.h; path = FLScanToolResponseParser.h; sourceTree = "<group>"; };
		AEFAA10A17725DE90034C99E /* FLECUSensor.h */ = {isa = PBXFileReference; fileEncoding = 4; lastKnownFileType = sourcecode.c.h; path = FLECUSensor.h; sourceTree = "<group>"; };
		AEFAA10D177260240034C99E /* FLLogging.h */ = {isa = PBXFileReference; fileEncoding = 4; lastKnownFileType = sourcecode.c.h; path = FLLogging.h; sourceTree = "<group>"; };
		DA517C722ED646D79395C121 /* Pods.xcconfig */ = {isa = PBXFileReference; includeInIndex = 1; lastKnownFileType = text.xcconfig; name = Pods.xcconfig; path = Pods/Pods.xcconfig; sourceTree = SOURCE_ROOT; };
/* End PBXFileReference section */

/* Begin PBXFrameworksBuildPhase section */
		AE98B12C177258330033496F /* Frameworks */ = {
			isa = PBXFrameworksBuildPhase;
			buildActionMask = 2147483647;
			files = (
				AE98B17E17725C720033496F /* ExternalAccessory.framework in Frameworks */,
				AE98B17C17725C6D0033496F /* CoreLocation.framework in Frameworks */,
				AE98B17A17725C5F0033496F /* CFNetwork.framework in Frameworks */,
				AE98B17817725C580033496F /* libOBD2Kit.a in Frameworks */,
				AE98B133177258330033496F /* UIKit.framework in Frameworks */,
				AE98B135177258330033496F /* Foundation.framework in Frameworks */,
				AE98B137177258330033496F /* CoreGraphics.framework in Frameworks */,
				FA5AA9183C3349CFAC4EAB6F /* libPods.a in Frameworks */,
			);
			runOnlyForDeploymentPostprocessing = 0;
		};
		AE98B151177258340033496F /* Frameworks */ = {
			isa = PBXFrameworksBuildPhase;
			buildActionMask = 2147483647;
			files = (
				AE98B157177258340033496F /* SenTestingKit.framework in Frameworks */,
				AE98B158177258340033496F /* UIKit.framework in Frameworks */,
				AE98B159177258340033496F /* Foundation.framework in Frameworks */,
			);
			runOnlyForDeploymentPostprocessing = 0;
		};
/* End PBXFrameworksBuildPhase section */

/* Begin PBXGroup section */
		AE98B126177258330033496F = {
			isa = PBXGroup;
			children = (
				AE98B17D17725C720033496F /* ExternalAccessory.framework */,
				AE98B17B17725C6D0033496F /* CoreLocation.framework */,
				AE98B17917725C5F0033496F /* CFNetwork.framework */,
				AE98B17017725C330033496F /* OBD2Kit.xcodeproj */,
				AE98B138177258330033496F /* SimpleProj */,
				AE98B15C177258340033496F /* SimpleProjTests */,
				AE98B131177258330033496F /* Frameworks */,
				AE98B130177258330033496F /* Products */,
				DA517C722ED646D79395C121 /* Pods.xcconfig */,
			);
			sourceTree = "<group>";
		};
		AE98B130177258330033496F /* Products */ = {
			isa = PBXGroup;
			children = (
				AE98B12F177258330033496F /* SimpleProj.app */,
				AE98B155177258340033496F /* SimpleProjTests.octest */,
			);
			name = Products;
			sourceTree = "<group>";
		};
		AE98B131177258330033496F /* Frameworks */ = {
			isa = PBXGroup;
			children = (
				AE98B132177258330033496F /* UIKit.framework */,
				AE98B134177258330033496F /* Foundation.framework */,
				AE98B136177258330033496F /* CoreGraphics.framework */,
				AE98B156177258340033496F /* SenTestingKit.framework */,
				A780624E03F242788AEEFE0E /* libPods.a */,
			);
			name = Frameworks;
			sourceTree = "<group>";
		};
		AE98B138177258330033496F /* SimpleProj */ = {
			isa = PBXGroup;
			children = (
				AEFAA10A17725DE90034C99E /* FLECUSensor.h */,
				AEFAA10917725DE40034C99E /* FLScanToolResponseParser.h */,
				AEFAA10817725DDE0034C99E /* FLScanToolResponse.h */,
				AEFAA10717725DD70034C99E /* FLScanToolCommand.h */,
				AEFAA10617725DB90034C99E /* FLScanTool.h */,
				AE98B17F17725C990033496F /* BasicScanViewController.h */,
				AE98B18017725C990033496F /* BasicScanViewController.m */,
				AEFAA10D177260240034C99E /* FLLogging.h */,
				AE98B141177258340033496F /* AppDelegate.h */,
				AE98B142177258340033496F /* AppDelegate.m */,
				AE98B14A177258340033496F /* MainStoryboard.storyboard */,
				AE98B14D177258340033496F /* ViewController.h */,
				AE98B16D17725A460033496F /* SecondViewController.h */,
				AE98B16E17725A460033496F /* SecondViewController.m */,
				AE98B14E177258340033496F /* ViewController.m */,
				AE98B139177258340033496F /* Supporting Files */,
			);
			path = SimpleProj;
			sourceTree = "<group>";
		};
		AE98B139177258340033496F /* Supporting Files */ = {
			isa = PBXGroup;
			children = (
				AE98B13A177258340033496F /* SimpleProj-Info.plist */,
				AE98B13B177258340033496F /* InfoPlist.strings */,
				AE98B13E177258340033496F /* main.m */,
				AE98B140177258340033496F /* SimpleProj-Prefix.pch */,
				AE98B144177258340033496F /* Default.png */,
				AE98B146177258340033496F /* Default@2x.png */,
				AE98B148177258340033496F /* Default-568h@2x.png */,
			);
			name = "Supporting Files";
			sourceTree = "<group>";
		};
		AE98B15C177258340033496F /* SimpleProjTests */ = {
			isa = PBXGroup;
			children = (
				AE98B162177258340033496F /* SimpleProjTests.h */,
				AE98B163177258340033496F /* SimpleProjTests.m */,
				AE98B15D177258340033496F /* Supporting Files */,
			);
			path = SimpleProjTests;
			sourceTree = "<group>";
		};
		AE98B15D177258340033496F /* Supporting Files */ = {
			isa = PBXGroup;
			children = (
				AE98B15E177258340033496F /* SimpleProjTests-Info.plist */,
				AE98B15F177258340033496F /* InfoPlist.strings */,
			);
			name = "Supporting Files";
			sourceTree = "<group>";
		};
		AE98B17117725C330033496F /* Products */ = {
			isa = PBXGroup;
			children = (
				AE98B17517725C330033496F /* libOBD2Kit.a */,
			);
			name = Products;
			sourceTree = "<group>";
		};
/* End PBXGroup section */

/* Begin PBXNativeTarget section */
		AE98B12E177258330033496F /* SimpleProj */ = {
			isa = PBXNativeTarget;
			buildConfigurationList = AE98B167177258340033496F /* Build configuration list for PBXNativeTarget "SimpleProj" */;
			buildPhases = (
				C47FF0A46D104C589779E71B /* Check Pods Manifest.lock */,
				AE98B12B177258330033496F /* Sources */,
				AE98B12C177258330033496F /* Frameworks */,
				AE98B12D177258330033496F /* Resources */,
				79399CD50E5A456C990DEE64 /* Copy Pods Resources */,
			);
			buildRules = (
			);
			dependencies = (
				AE98B17717725C4F0033496F /* PBXTargetDependency */,
			);
			name = SimpleProj;
			productName = SimpleProj;
			productReference = AE98B12F177258330033496F /* SimpleProj.app */;
			productType = "com.apple.product-type.application";
		};
		AE98B154177258340033496F /* SimpleProjTests */ = {
			isa = PBXNativeTarget;
			buildConfigurationList = AE98B16A177258340033496F /* Build configuration list for PBXNativeTarget "SimpleProjTests" */;
			buildPhases = (
				AE98B150177258340033496F /* Sources */,
				AE98B151177258340033496F /* Frameworks */,
				AE98B152177258340033496F /* Resources */,
				AE98B153177258340033496F /* ShellScript */,
			);
			buildRules = (
			);
			dependencies = (
				AE98B15B177258340033496F /* PBXTargetDependency */,
			);
			name = SimpleProjTests;
			productName = SimpleProjTests;
			productReference = AE98B155177258340033496F /* SimpleProjTests.octest */;
			productType = "com.apple.product-type.bundle";
		};
/* End PBXNativeTarget section */

/* Begin PBXProject section */
		AE98B127177258330033496F /* Project object */ = {
			isa = PBXProject;
			attributes = {
				LastUpgradeCheck = 0460;
				ORGANIZATIONNAME = "Poorna Krishnamoorthy";
			};
			buildConfigurationList = AE98B12A177258330033496F /* Build configuration list for PBXProject "SimpleProj" */;
			compatibilityVersion = "Xcode 3.2";
			developmentRegion = English;
			hasScannedForEncodings = 0;
			knownRegions = (
				en,
			);
			mainGroup = AE98B126177258330033496F;
			productRefGroup = AE98B130177258330033496F /* Products */;
			projectDirPath = "";
			projectReferences = (
				{
					ProductGroup = AE98B17117725C330033496F /* Products */;
					ProjectRef = AE98B17017725C330033496F /* OBD2Kit.xcodeproj */;
				},
			);
			projectRoot = "";
			targets = (
				AE98B12E177258330033496F /* SimpleProj */,
				AE98B154177258340033496F /* SimpleProjTests */,
			);
		};
/* End PBXProject section */

/* Begin PBXReferenceProxy section */
		AE98B17517725C330033496F /* libOBD2Kit.a */ = {
			isa = PBXReferenceProxy;
			fileType = archive.ar;
			path = libOBD2Kit.a;
			remoteRef = AE98B17417725C330033496F /* PBXContainerItemProxy */;
			sourceTree = BUILT_PRODUCTS_DIR;
		};
/* End PBXReferenceProxy section */

/* Begin PBXResourcesBuildPhase section */
		AE98B12D177258330033496F /* Resources */ = {
			isa = PBXResourcesBuildPhase;
			buildActionMask = 2147483647;
			files = (
				AE98B13D177258340033496F /* InfoPlist.strings in Resources */,
				AE98B145177258340033496F /* Default.png in Resources */,
				AE98B147177258340033496F /* Default@2x.png in Resources */,
				AE98B149177258340033496F /* Default-568h@2x.png in Resources */,
				AE98B14C177258340033496F /* MainStoryboard.storyboard in Resources */,
			);
			runOnlyForDeploymentPostprocessing = 0;
		};
		AE98B152177258340033496F /* Resources */ = {
			isa = PBXResourcesBuildPhase;
			buildActionMask = 2147483647;
			files = (
				AE98B161177258340033496F /* InfoPlist.strings in Resources */,
			);
			runOnlyForDeploymentPostprocessing = 0;
		};
/* End PBXResourcesBuildPhase section */

/* Begin PBXShellScriptBuildPhase section */
		79399CD50E5A456C990DEE64 /* Copy Pods Resources */ = {
			isa = PBXShellScriptBuildPhase;
			buildActionMask = 2147483647;
			files = (
			);
			inputPaths = (
			);
			name = "Copy Pods Resources";
			outputPaths = (
			);
			runOnlyForDeploymentPostprocessing = 0;
			shellPath = /bin/sh;
			shellScript = "\"${SRCROOT}/Pods/Pods-resources.sh\"\n";
		};
		AE98B153177258340033496F /* ShellScript */ = {
			isa = PBXShellScriptBuildPhase;
			buildActionMask = 2147483647;
			files = (
			);
			inputPaths = (
			);
			outputPaths = (
			);
			runOnlyForDeploymentPostprocessing = 0;
			shellPath = /bin/sh;
			shellScript = "# Run the unit tests in this test bundle.\n\"${SYSTEM_DEVELOPER_DIR}/Tools/RunUnitTests\"\n";
		};
		C47FF0A46D104C589779E71B /* Check Pods Manifest.lock */ = {
			isa = PBXShellScriptBuildPhase;
			buildActionMask = 2147483647;
			files = (
			);
			inputPaths = (
			);
			name = "Check Pods Manifest.lock";
			outputPaths = (
			);
			runOnlyForDeploymentPostprocessing = 0;
			shellPath = /bin/sh;
			shellScript = "diff \"${PODS_ROOT}/../Podfile.lock\" \"${PODS_ROOT}/Manifest.lock\" > /dev/null\nif [[ $? != 0 ]] ; then\n    cat << EOM\nerror: The sandbox is not in sync with the Podfile.lock. Run 'pod install' or update your CocoaPods installation.\nEOM\n    exit 1\nfi\n";
		};
/* End PBXShellScriptBuildPhase section */

/* Begin PBXSourcesBuildPhase section */
		AE98B12B177258330033496F /* Sources */ = {
			isa = PBXSourcesBuildPhase;
			buildActionMask = 2147483647;
			files = (
				AE98B13F177258340033496F /* main.m in Sources */,
				AE98B143177258340033496F /* AppDelegate.m in Sources */,
				AE98B14F177258340033496F /* ViewController.m in Sources */,
				AE98B16F17725A460033496F /* SecondViewController.m in Sources */,
				AE98B18117725C990033496F /* BasicScanViewController.m in Sources */,
			);
			runOnlyForDeploymentPostprocessing = 0;
		};
		AE98B150177258340033496F /* Sources */ = {
			isa = PBXSourcesBuildPhase;
			buildActionMask = 2147483647;
			files = (
				AE98B164177258340033496F /* SimpleProjTests.m in Sources */,
			);
			runOnlyForDeploymentPostprocessing = 0;
		};
/* End PBXSourcesBuildPhase section */

/* Begin PBXTargetDependency section */
		AE98B15B177258340033496F /* PBXTargetDependency */ = {
			isa = PBXTargetDependency;
			target = AE98B12E177258330033496F /* SimpleProj */;
			targetProxy = AE98B15A177258340033496F /* PBXContainerItemProxy */;
		};
		AE98B17717725C4F0033496F /* PBXTargetDependency */ = {
			isa = PBXTargetDependency;
			name = OBD2Kit;
			targetProxy = AE98B17617725C4F0033496F /* PBXContainerItemProxy */;
		};
/* End PBXTargetDependency section */

/* Begin PBXVariantGroup section */
		AE98B13B177258340033496F /* InfoPlist.strings */ = {
			isa = PBXVariantGroup;
			children = (
				AE98B13C177258340033496F /* en */,
			);
			name = InfoPlist.strings;
			sourceTree = "<group>";
		};
		AE98B14A177258340033496F /* MainStoryboard.storyboard */ = {
			isa = PBXVariantGroup;
			children = (
				AE98B14B177258340033496F /* en */,
			);
			name = MainStoryboard.storyboard;
			sourceTree = "<group>";
		};
		AE98B15F177258340033496F /* InfoPlist.strings */ = {
			isa = PBXVariantGroup;
			children = (
				AE98B160177258340033496F /* en */,
			);
			name = InfoPlist.strings;
			sourceTree = "<group>";
		};
/* End PBXVariantGroup section */

/* Begin XCBuildConfiguration section */
		AE98B165177258340033496F /* Debug */ = {
			isa = XCBuildConfiguration;
			buildSettings = {
				ALWAYS_SEARCH_USER_PATHS = NO;
				CLANG_CXX_LANGUAGE_STANDARD = "gnu++0x";
				CLANG_CXX_LIBRARY = "libc++";
				CLANG_ENABLE_OBJC_ARC = YES;
				CLANG_WARN_CONSTANT_CONVERSION = YES;
				CLANG_WARN_EMPTY_BODY = YES;
				CLANG_WARN_ENUM_CONVERSION = YES;
				CLANG_WARN_INT_CONVERSION = YES;
				CLANG_WARN__DUPLICATE_METHOD_MATCH = YES;
				"CODE_SIGN_IDENTITY[sdk=iphoneos*]" = "iPhone Developer";
				COPY_PHASE_STRIP = NO;
				GCC_C_LANGUAGE_STANDARD = gnu99;
				GCC_DYNAMIC_NO_PIC = NO;
				GCC_OPTIMIZATION_LEVEL = 0;
				GCC_PREPROCESSOR_DEFINITIONS = (
					"DEBUG=1",
					"$(inherited)",
				);
				GCC_SYMBOLS_PRIVATE_EXTERN = NO;
				GCC_WARN_ABOUT_RETURN_TYPE = YES;
				GCC_WARN_UNINITIALIZED_AUTOS = YES;
				GCC_WARN_UNUSED_VARIABLE = YES;
				IPHONEOS_DEPLOYMENT_TARGET = 6.1;
				ONLY_ACTIVE_ARCH = YES;
				SDKROOT = iphoneos;
			};
			name = Debug;
		};
		AE98B166177258340033496F /* Release */ = {
			isa = XCBuildConfiguration;
			buildSettings = {
				ALWAYS_SEARCH_USER_PATHS = NO;
				CLANG_CXX_LANGUAGE_STANDARD = "gnu++0x";
				CLANG_CXX_LIBRARY = "libc++";
				CLANG_ENABLE_OBJC_ARC = YES;
				CLANG_WARN_CONSTANT_CONVERSION = YES;
				CLANG_WARN_EMPTY_BODY = YES;
				CLANG_WARN_ENUM_CONVERSION = YES;
				CLANG_WARN_INT_CONVERSION = YES;
				CLANG_WARN__DUPLICATE_METHOD_MATCH = YES;
				"CODE_SIGN_IDENTITY[sdk=iphoneos*]" = "iPhone Developer";
				COPY_PHASE_STRIP = YES;
				GCC_C_LANGUAGE_STANDARD = gnu99;
				GCC_WARN_ABOUT_RETURN_TYPE = YES;
				GCC_WARN_UNINITIALIZED_AUTOS = YES;
				GCC_WARN_UNUSED_VARIABLE = YES;
				IPHONEOS_DEPLOYMENT_TARGET = 6.1;
				OTHER_CFLAGS = "-DNS_BLOCK_ASSERTIONS=1";
				SDKROOT = iphoneos;
				VALIDATE_PRODUCT = YES;
			};
			name = Release;
		};
		AE98B168177258340033496F /* Debug */ = {
			isa = XCBuildConfiguration;
			baseConfigurationReference = DA517C722ED646D79395C121 /* Pods.xcconfig */;
			buildSettings = {
				GCC_PRECOMPILE_PREFIX_HEADER = YES;
				GCC_PREFIX_HEADER = "SimpleProj/SimpleProj-Prefix.pch";
				INFOPLIST_FILE = "SimpleProj/SimpleProj-Info.plist";
				ONLY_ACTIVE_ARCH = YES;
				PRODUCT_NAME = "$(TARGET_NAME)";
				WRAPPER_EXTENSION = app;
			};
			name = Debug;
		};
		AE98B169177258340033496F /* Release */ = {
			isa = XCBuildConfiguration;
			baseConfigurationReference = DA517C722ED646D79395C121 /* Pods.xcconfig */;
			buildSettings = {
				GCC_PRECOMPILE_PREFIX_HEADER = YES;
				GCC_PREFIX_HEADER = "SimpleProj/SimpleProj-Prefix.pch";
				INFOPLIST_FILE = "SimpleProj/SimpleProj-Info.plist";
				ONLY_ACTIVE_ARCH = YES;
				PRODUCT_NAME = "$(TARGET_NAME)";
				WRAPPER_EXTENSION = app;
			};
			name = Release;
		};
		AE98B16B177258340033496F /* Debug */ = {
			isa = XCBuildConfiguration;
			buildSettings = {
				BUNDLE_LOADER = "$(BUILT_PRODUCTS_DIR)/SimpleProj.app/SimpleProj";
				FRAMEWORK_SEARCH_PATHS = (
					"\"$(SDKROOT)/Developer/Library/Frameworks\"",
					"\"$(DEVELOPER_LIBRARY_DIR)/Frameworks\"",
				);
				GCC_PRECOMPILE_PREFIX_HEADER = YES;
				GCC_PREFIX_HEADER = "SimpleProj/SimpleProj-Prefix.pch";
				INFOPLIST_FILE = "SimpleProjTests/SimpleProjTests-Info.plist";
				PRODUCT_NAME = "$(TARGET_NAME)";
				TEST_HOST = "$(BUNDLE_LOADER)";
				WRAPPER_EXTENSION = octest;
			};
			name = Debug;
		};
		AE98B16C177258340033496F /* Release */ = {
			isa = XCBuildConfiguration;
			buildSettings = {
				BUNDLE_LOADER = "$(BUILT_PRODUCTS_DIR)/SimpleProj.app/SimpleProj";
				FRAMEWORK_SEARCH_PATHS = (
					"\"$(SDKROOT)/Developer/Library/Frameworks\"",
					"\"$(DEVELOPER_LIBRARY_DIR)/Frameworks\"",
				);
				GCC_PRECOMPILE_PREFIX_HEADER = YES;
				GCC_PREFIX_HEADER = "SimpleProj/SimpleProj-Prefix.pch";
				INFOPLIST_FILE = "SimpleProjTests/SimpleProjTests-Info.plist";
				PRODUCT_NAME = "$(TARGET_NAME)";
				TEST_HOST = "$(BUNDLE_LOADER)";
				WRAPPER_EXTENSION = octest;
			};
			name = Release;
		};
/* End XCBuildConfiguration section */

/* Begin XCConfigurationList section */
		AE98B12A177258330033496F /* Build configuration list for PBXProject "SimpleProj" */ = {
			isa = XCConfigurationList;
			buildConfigurations = (
				AE98B165177258340033496F /* Debug */,
				AE98B166177258340033496F /* Release */,
			);
			defaultConfigurationIsVisible = 0;
			defaultConfigurationName = Release;
		};
		AE98B167177258340033496F /* Build configuration list for PBXNativeTarget "SimpleProj" */ = {
			isa = XCConfigurationList;
			buildConfigurations = (
				AE98B168177258340033496F /* Debug */,
				AE98B169177258340033496F /* Release */,
			);
			defaultConfigurationIsVisible = 0;
			defaultConfigurationName = Release;
		};
		AE98B16A177258340033496F /* Build configuration list for PBXNativeTarget "SimpleProjTests" */ = {
			isa = XCConfigurationList;
			buildConfigurations = (
				AE98B16B177258340033496F /* Debug */,
				AE98B16C177258340033496F /* Release */,
			);
			defaultConfigurationIsVisible = 0;
			defaultConfigurationName = Release;
		};
/* End XCConfigurationList section */
	};
	rootObject = AE98B127177258330033496F /* Project object */;
}
